
Microsoft Visual Studio Solution File, Format Version 12.00
# Visual Studio Version 17
VisualStudioVersion = 17.3.32825.248
MinimumVisualStudioVersion = 10.0.40219.1
Project("{9A19103F-16F7-4668-BE54-9A1E7A4F7556}") = "Array", "Array\Array.csproj", "{B5022644-E11A-4DB4-AFB0-E77D7BB6C245}"
EndProject
Project("{9A19103F-16F7-4668-BE54-9A1E7A4F7556}") = "Array2D", "Array2D\Array2D.csproj", "{A3F63C90-3BC6-4EAF-BB86-5C9303EC416B}"
EndProject
Project("{9A19103F-16F7-4668-BE54-9A1E7A4F7556}") = "Number", "Number\Number.csproj", "{14B1D2EA-8124-410C-9336-110BF1618B7A}"
EndProject
Project("{9A19103F-16F7-4668-BE54-9A1E7A4F7556}") = "String", "String\String.csproj", "{A0E3DD0F-E734-4FA7-BE39-1716B4493CFD}"
EndProject
Global
	GlobalSection(SolutionConfigurationPlatforms) = preSolution
		Debug|Any CPU = Debug|Any CPU
		Release|Any CPU = Release|Any CPU
	EndGlobalSection
	GlobalSection(ProjectConfigurationPlatforms) = postSolution
		{B5022644-E11A-4DB4-AFB0-E77D7BB6C245}.Debug|Any CPU.ActiveCfg = Debug|Any CPU
		{B5022644-E11A-4DB4-AFB0-E77D7BB6C245}.Debug|Any CPU.Build.0 = Debug|Any CPU
		{B5022644-E11A-4DB4-AFB0-E77D7BB6C245}.Release|Any CPU.ActiveCfg = Release|Any CPU
		{B5022644-E11A-4DB4-AFB0-E77D7BB6C245}.Release|Any CPU.Build.0 = Release|Any CPU
		{A3F63C90-3BC6-4EAF-BB86-5C9303EC416B}.Debug|Any CPU.ActiveCfg = Debug|Any CPU
		{A3F63C90-3BC6-4EAF-BB86-5C9303EC416B}.Debug|Any CPU.Build.0 = Debug|Any CPU
		{A3F63C90-3BC6-4EAF-BB86-5C9303EC416B}.Release|Any CPU.ActiveCfg = Release|Any CPU
		{A3F63C90-3BC6-4EAF-BB86-5C9303EC416B}.Release|Any CPU.Build.0 = Release|Any CPU
		{14B1D2EA-8124-410C-9336-110BF1618B7A}.Debug|Any CPU.ActiveCfg = Debug|Any CPU
		{14B1D2EA-8124-410C-9336-110BF1618B7A}.Debug|Any CPU.Build.0 = Debug|Any CPU
		{14B1D2EA-8124-410C-9336-110BF1618B7A}.Release|Any CPU.ActiveCfg = Release|Any CPU
		{14B1D2EA-8124-410C-9336-110BF1618B7A}.Release|Any CPU.Build.0 = Release|Any CPU
		{A0E3DD0F-E734-4FA7-BE39-1716B4493CFD}.Debug|Any CPU.ActiveCfg = Debug|Any CPU
		{A0E3DD0F-E734-4FA7-BE39-1716B4493CFD}.Debug|Any CPU.Build.0 = Debug|Any CPU
		{A0E3DD0F-E734-4FA7-BE39-1716B4493CFD}.Release|Any CPU.ActiveCfg = Release|Any CPU
		{A0E3DD0F-E734-4FA7-BE39-1716B4493CFD}.Release|Any CPU.Build.0 = Release|Any CPU
	EndGlobalSection
	GlobalSection(SolutionProperties) = preSolution
		HideSolutionNode = FALSE
	EndGlobalSection
	GlobalSection(ExtensibilityGlobals) = postSolution
		SolutionGuid = {D2ABD908-DFD1-4B6C-B127-71F64108F4D1}
	EndGlobalSection
EndGlobal
